
Microsoft Visual Studio Solution File, Format Version 12.00
# Visual Studio Version 16
VisualStudioVersion = 16.0.31205.134
MinimumVisualStudioVersion = 10.0.40219.1
Project("{FAE04EC0-301F-11D3-BF4B-00C04F79EFBC}") = "PassXYZ.Vault.UWP", "PassXYZ.Vault\PassXYZ.Vault.UWP\PassXYZ.Vault.UWP.csproj", "{92487BA7-CC89-4994-AAE7-2ACB530E2CC4}"
EndProject
Project("{FAE04EC0-301F-11D3-BF4B-00C04F79EFBC}") = "PassXYZ.Vault.Android", "PassXYZ.Vault\PassXYZ.Vault.Android\PassXYZ.Vault.Android.csproj", "{4693D5D2-169A-40E7-BE85-ED5FA01D2AF5}"
EndProject
Project("{FAE04EC0-301F-11D3-BF4B-00C04F79EFBC}") = "PassXYZ.Vault.iOS", "PassXYZ.Vault\PassXYZ.Vault.iOS\PassXYZ.Vault.iOS.csproj", "{3386A577-31CA-47D8-964D-E2C1BF445894}"
EndProject
Project("{9A19103F-16F7-4668-BE54-9A1E7A4F7556}") = "PassXYZ.Vault", "PassXYZ.Vault\PassXYZ.Vault\PassXYZ.Vault.csproj", "{138523C0-14EC-4EF4-BD6C-EA8D79E6B65A}"
EndProject
Project("{2150E333-8FDC-42A3-9474-1A3956D46DE8}") = "Libs", "Libs", "{2DAAFDE4-F2C0-49E9-9E68-77F040A6AD37}"
EndProject
Project("{9A19103F-16F7-4668-BE54-9A1E7A4F7556}") = "PassXYZLib", "..\KPCLib\PassXYZLib\PassXYZLib.csproj", "{2BA8FCC0-3F26-47D6-A266-24F217411CD8}"
EndProject
Project("{9A19103F-16F7-4668-BE54-9A1E7A4F7556}") = "KPCLib", "..\KPCLib\KPCLib\KPCLib.csproj", "{23B3E37E-A262-4371-AC98-8AF6976BBC27}"
EndProject
Project("{2150E333-8FDC-42A3-9474-1A3956D46DE8}") = "Solution Items", "Solution Items", "{C457B329-B2B8-424C-88B9-D47D07EC7DDE}"
	ProjectSection(SolutionItems) = preProject
		README.md = README.md
	EndProjectSection
EndProject
Project("{9A19103F-16F7-4668-BE54-9A1E7A4F7556}") = "PassXYZ.xunit", "PassXYZ.xunit\PassXYZ.xunit.csproj", "{3E52D2BD-C7AA-41C5-A3FB-88423BD599D8}"
EndProject
Project("{9A19103F-16F7-4668-BE54-9A1E7A4F7556}") = "PureOtp", "..\KPCLib\PureOtp\PureOtp\PureOtp.csproj", "{407E306B-B906-46FB-9D9C-6E8BD16D0E0D}"
EndProject
Project("{9A19103F-16F7-4668-BE54-9A1E7A4F7556}") = "FontAwesome.Brand", "..\Xamarin.Forms.FontAwesome\src\FontAwesome.Brand\FontAwesome.Brand.csproj", "{A8082BD9-CCC9-4C31-913D-A47E33B92EE6}"
EndProject
Project("{9A19103F-16F7-4668-BE54-9A1E7A4F7556}") = "FontAwesome.Regular", "..\Xamarin.Forms.FontAwesome\src\FontAwesome.Regular\FontAwesome.Regular.csproj", "{D482B377-E426-4B69-AB41-8AFD04A5CF5F}"
EndProject
Project("{9A19103F-16F7-4668-BE54-9A1E7A4F7556}") = "FontAwesome.Solid", "..\Xamarin.Forms.FontAwesome\src\FontAwesome.Solid\FontAwesome.Solid.csproj", "{53D8FAB1-F1D1-4CE6-A5B2-97E797173854}"
EndProject
Project("{9A19103F-16F7-4668-BE54-9A1E7A4F7556}") = "IconFontHelper", "..\Xamarin.Forms.IconFontHelper\src\IconFontHelper\IconFontHelper.csproj", "{20CEE1E5-3C67-445E-93FB-23895E0C481A}"
EndProject
Global
	GlobalSection(SolutionConfigurationPlatforms) = preSolution
		Debug|Any CPU = Debug|Any CPU
		Debug|ARM = Debug|ARM
		Debug|iPhone = Debug|iPhone
		Debug|iPhoneSimulator = Debug|iPhoneSimulator
		Debug|x64 = Debug|x64
		Debug|x86 = Debug|x86
		Release|Any CPU = Release|Any CPU
		Release|ARM = Release|ARM
		Release|iPhone = Release|iPhone
		Release|iPhoneSimulator = Release|iPhoneSimulator
		Release|x64 = Release|x64
		Release|x86 = Release|x86
	EndGlobalSection
	GlobalSection(ProjectConfigurationPlatforms) = postSolution
		{92487BA7-CC89-4994-AAE7-2ACB530E2CC4}.Debug|Any CPU.ActiveCfg = Debug|x86
		{92487BA7-CC89-4994-AAE7-2ACB530E2CC4}.Debug|Any CPU.Build.0 = Debug|x86
		{92487BA7-CC89-4994-AAE7-2ACB530E2CC4}.Debug|Any CPU.Deploy.0 = Debug|x86
		{92487BA7-CC89-4994-AAE7-2ACB530E2CC4}.Debug|ARM.ActiveCfg = Debug|ARM
		{92487BA7-CC89-4994-AAE7-2ACB530E2CC4}.Debug|ARM.Build.0 = Debug|ARM
		{92487BA7-CC89-4994-AAE7-2ACB530E2CC4}.Debug|ARM.Deploy.0 = Debug|ARM
		{92487BA7-CC89-4994-AAE7-2ACB530E2CC4}.Debug|iPhone.ActiveCfg = Debug|x86
		{92487BA7-CC89-4994-AAE7-2ACB530E2CC4}.Debug|iPhone.Build.0 = Debug|x86
		{92487BA7-CC89-4994-AAE7-2ACB530E2CC4}.Debug|iPhone.Deploy.0 = Debug|x86
		{92487BA7-CC89-4994-AAE7-2ACB530E2CC4}.Debug|iPhoneSimulator.ActiveCfg = Debug|x86
		{92487BA7-CC89-4994-AAE7-2ACB530E2CC4}.Debug|iPhoneSimulator.Build.0 = Debug|x86
		{92487BA7-CC89-4994-AAE7-2ACB530E2CC4}.Debug|iPhoneSimulator.Deploy.0 = Debug|x86
		{92487BA7-CC89-4994-AAE7-2ACB530E2CC4}.Debug|x64.ActiveCfg = Debug|x64
		{92487BA7-CC89-4994-AAE7-2ACB530E2CC4}.Debug|x64.Build.0 = Debug|x64
		{92487BA7-CC89-4994-AAE7-2ACB530E2CC4}.Debug|x64.Deploy.0 = Debug|x64
		{92487BA7-CC89-4994-AAE7-2ACB530E2CC4}.Debug|x86.ActiveCfg = Debug|x86
		{92487BA7-CC89-4994-AAE7-2ACB530E2CC4}.Debug|x86.Build.0 = Debug|x86
		{92487BA7-CC89-4994-AAE7-2ACB530E2CC4}.Debug|x86.Deploy.0 = Debug|x86
		{92487BA7-CC89-4994-AAE7-2ACB530E2CC4}.Release|Any CPU.ActiveCfg = Release|x86
		{92487BA7-CC89-4994-AAE7-2ACB530E2CC4}.Release|Any CPU.Build.0 = Release|x86
		{92487BA7-CC89-4994-AAE7-2ACB530E2CC4}.Release|Any CPU.Deploy.0 = Release|x86
		{92487BA7-CC89-4994-AAE7-2ACB530E2CC4}.Release|ARM.ActiveCfg = Release|ARM
		{92487BA7-CC89-4994-AAE7-2ACB530E2CC4}.Release|ARM.Build.0 = Release|ARM
		{92487BA7-CC89-4994-AAE7-2ACB530E2CC4}.Release|ARM.Deploy.0 = Release|ARM
		{92487BA7-CC89-4994-AAE7-2ACB530E2CC4}.Release|iPhone.ActiveCfg = Release|x86
		{92487BA7-CC89-4994-AAE7-2ACB530E2CC4}.Release|iPhone.Build.0 = Release|x86
		{92487BA7-CC89-4994-AAE7-2ACB530E2CC4}.Release|iPhone.Deploy.0 = Release|x86
		{92487BA7-CC89-4994-AAE7-2ACB530E2CC4}.Release|iPhoneSimulator.ActiveCfg = Release|x86
		{92487BA7-CC89-4994-AAE7-2ACB530E2CC4}.Release|iPhoneSimulator.Build.0 = Release|x86
		{92487BA7-CC89-4994-AAE7-2ACB530E2CC4}.Release|iPhoneSimulator.Deploy.0 = Release|x86
		{92487BA7-CC89-4994-AAE7-2ACB530E2CC4}.Release|x64.ActiveCfg = Release|x64
		{92487BA7-CC89-4994-AAE7-2ACB530E2CC4}.Release|x64.Build.0 = Release|x64
		{92487BA7-CC89-4994-AAE7-2ACB530E2CC4}.Release|x64.Deploy.0 = Release|x64
		{92487BA7-CC89-4994-AAE7-2ACB530E2CC4}.Release|x86.ActiveCfg = Release|x86
		{92487BA7-CC89-4994-AAE7-2ACB530E2CC4}.Release|x86.Build.0 = Release|x86
		{92487BA7-CC89-4994-AAE7-2ACB530E2CC4}.Release|x86.Deploy.0 = Release|x86
		{4693D5D2-169A-40E7-BE85-ED5FA01D2AF5}.Debug|Any CPU.ActiveCfg = Debug|Any CPU
		{4693D5D2-169A-40E7-BE85-ED5FA01D2AF5}.Debug|Any CPU.Build.0 = Debug|Any CPU
		{4693D5D2-169A-40E7-BE85-ED5FA01D2AF5}.Debug|Any CPU.Deploy.0 = Debug|Any CPU
		{4693D5D2-169A-40E7-BE85-ED5FA01D2AF5}.Debug|ARM.ActiveCfg = Debug|Any CPU
		{4693D5D2-169A-40E7-BE85-ED5FA01D2AF5}.Debug|ARM.Build.0 = Debug|Any CPU
		{4693D5D2-169A-40E7-BE85-ED5FA01D2AF5}.Debug|ARM.Deploy.0 = Debug|Any CPU
		{4693D5D2-169A-40E7-BE85-ED5FA01D2AF5}.Debug|iPhone.ActiveCfg = Debug|Any CPU
		{4693D5D2-169A-40E7-BE85-ED5FA01D2AF5}.Debug|iPhone.Build.0 = Debug|Any CPU
		{4693D5D2-169A-40E7-BE85-ED5FA01D2AF5}.Debug|iPhone.Deploy.0 = Debug|Any CPU
		{4693D5D2-169A-40E7-BE85-ED5FA01D2AF5}.Debug|iPhoneSimulator.ActiveCfg = Debug|Any CPU
		{4693D5D2-169A-40E7-BE85-ED5FA01D2AF5}.Debug|iPhoneSimulator.Build.0 = Debug|Any CPU
		{4693D5D2-169A-40E7-BE85-ED5FA01D2AF5}.Debug|iPhoneSimulator.Deploy.0 = Debug|Any CPU
		{4693D5D2-169A-40E7-BE85-ED5FA01D2AF5}.Debug|x64.ActiveCfg = Debug|Any CPU
		{4693D5D2-169A-40E7-BE85-ED5FA01D2AF5}.Debug|x64.Build.0 = Debug|Any CPU
		{4693D5D2-169A-40E7-BE85-ED5FA01D2AF5}.Debug|x64.Deploy.0 = Debug|Any CPU
		{4693D5D2-169A-40E7-BE85-ED5FA01D2AF5}.Debug|x86.ActiveCfg = Debug|Any CPU
		{4693D5D2-169A-40E7-BE85-ED5FA01D2AF5}.Debug|x86.Build.0 = Debug|Any CPU
		{4693D5D2-169A-40E7-BE85-ED5FA01D2AF5}.Debug|x86.Deploy.0 = Debug|Any CPU
		{4693D5D2-169A-40E7-BE85-ED5FA01D2AF5}.Release|Any CPU.ActiveCfg = Release|Any CPU
		{4693D5D2-169A-40E7-BE85-ED5FA01D2AF5}.Release|Any CPU.Build.0 = Release|Any CPU
		{4693D5D2-169A-40E7-BE85-ED5FA01D2AF5}.Release|Any CPU.Deploy.0 = Release|Any CPU
		{4693D5D2-169A-40E7-BE85-ED5FA01D2AF5}.Release|ARM.ActiveCfg = Release|Any CPU
		{4693D5D2-169A-40E7-BE85-ED5FA01D2AF5}.Release|ARM.Build.0 = Release|Any CPU
		{4693D5D2-169A-40E7-BE85-ED5FA01D2AF5}.Release|ARM.Deploy.0 = Release|Any CPU
		{4693D5D2-169A-40E7-BE85-ED5FA01D2AF5}.Release|iPhone.ActiveCfg = Release|Any CPU
		{4693D5D2-169A-40E7-BE85-ED5FA01D2AF5}.Release|iPhone.Build.0 = Release|Any CPU
		{4693D5D2-169A-40E7-BE85-ED5FA01D2AF5}.Release|iPhone.Deploy.0 = Release|Any CPU
		{4693D5D2-169A-40E7-BE85-ED5FA01D2AF5}.Release|iPhoneSimulator.ActiveCfg = Release|Any CPU
		{4693D5D2-169A-40E7-BE85-ED5FA01D2AF5}.Release|iPhoneSimulator.Build.0 = Release|Any CPU
		{4693D5D2-169A-40E7-BE85-ED5FA01D2AF5}.Release|iPhoneSimulator.Deploy.0 = Release|Any CPU
		{4693D5D2-169A-40E7-BE85-ED5FA01D2AF5}.Release|x64.ActiveCfg = Release|Any CPU
		{4693D5D2-169A-40E7-BE85-ED5FA01D2AF5}.Release|x64.Build.0 = Release|Any CPU
		{4693D5D2-169A-40E7-BE85-ED5FA01D2AF5}.Release|x64.Deploy.0 = Release|Any CPU
		{4693D5D2-169A-40E7-BE85-ED5FA01D2AF5}.Release|x86.ActiveCfg = Release|Any CPU
		{4693D5D2-169A-40E7-BE85-ED5FA01D2AF5}.Release|x86.Build.0 = Release|Any CPU
		{4693D5D2-169A-40E7-BE85-ED5FA01D2AF5}.Release|x86.Deploy.0 = Release|Any CPU
		{3386A577-31CA-47D8-964D-E2C1BF445894}.Debug|Any CPU.ActiveCfg = Debug|iPhoneSimulator
		{3386A577-31CA-47D8-964D-E2C1BF445894}.Debug|Any CPU.Build.0 = Debug|iPhoneSimulator
		{3386A577-31CA-47D8-964D-E2C1BF445894}.Debug|Any CPU.Deploy.0 = Debug|iPhoneSimulator
		{3386A577-31CA-47D8-964D-E2C1BF445894}.Debug|ARM.ActiveCfg = Debug|iPhone
		{3386A577-31CA-47D8-964D-E2C1BF445894}.Debug|ARM.Build.0 = Debug|iPhone
		{3386A577-31CA-47D8-964D-E2C1BF445894}.Debug|ARM.Deploy.0 = Debug|iPhone
		{3386A577-31CA-47D8-964D-E2C1BF445894}.Debug|iPhone.ActiveCfg = Debug|iPhone
		{3386A577-31CA-47D8-964D-E2C1BF445894}.Debug|iPhone.Build.0 = Debug|iPhone
		{3386A577-31CA-47D8-964D-E2C1BF445894}.Debug|iPhone.Deploy.0 = Debug|iPhone
		{3386A577-31CA-47D8-964D-E2C1BF445894}.Debug|iPhoneSimulator.ActiveCfg = Debug|iPhoneSimulator
		{3386A577-31CA-47D8-964D-E2C1BF445894}.Debug|iPhoneSimulator.Build.0 = Debug|iPhoneSimulator
		{3386A577-31CA-47D8-964D-E2C1BF445894}.Debug|iPhoneSimulator.Deploy.0 = Debug|iPhoneSimulator
		{3386A577-31CA-47D8-964D-E2C1BF445894}.Debug|x64.ActiveCfg = Debug|iPhoneSimulator
		{3386A577-31CA-47D8-964D-E2C1BF445894}.Debug|x64.Build.0 = Debug|iPhoneSimulator
		{3386A577-31CA-47D8-964D-E2C1BF445894}.Debug|x64.Deploy.0 = Debug|iPhoneSimulator
		{3386A577-31CA-47D8-964D-E2C1BF445894}.Debug|x86.ActiveCfg = Debug|iPhoneSimulator
		{3386A577-31CA-47D8-964D-E2C1BF445894}.Debug|x86.Build.0 = Debug|iPhoneSimulator
		{3386A577-31CA-47D8-964D-E2C1BF445894}.Debug|x86.Deploy.0 = Debug|iPhoneSimulator
		{3386A577-31CA-47D8-964D-E2C1BF445894}.Release|Any CPU.ActiveCfg = Release|iPhoneSimulator
		{3386A577-31CA-47D8-964D-E2C1BF445894}.Release|Any CPU.Build.0 = Release|iPhoneSimulator
		{3386A577-31CA-47D8-964D-E2C1BF445894}.Release|Any CPU.Deploy.0 = Release|iPhoneSimulator
		{3386A577-31CA-47D8-964D-E2C1BF445894}.Release|ARM.ActiveCfg = Release|iPhoneSimulator
		{3386A577-31CA-47D8-964D-E2C1BF445894}.Release|ARM.Build.0 = Release|iPhoneSimulator
		{3386A577-31CA-47D8-964D-E2C1BF445894}.Release|ARM.Deploy.0 = Release|iPhoneSimulator
		{3386A577-31CA-47D8-964D-E2C1BF445894}.Release|iPhone.ActiveCfg = Release|iPhone
		{3386A577-31CA-47D8-964D-E2C1BF445894}.Release|iPhone.Build.0 = Release|iPhone
		{3386A577-31CA-47D8-964D-E2C1BF445894}.Release|iPhone.Deploy.0 = Release|iPhone
		{3386A577-31CA-47D8-964D-E2C1BF445894}.Release|iPhoneSimulator.ActiveCfg = Release|iPhoneSimulator
		{3386A577-31CA-47D8-964D-E2C1BF445894}.Release|iPhoneSimulator.Build.0 = Release|iPhoneSimulator
		{3386A577-31CA-47D8-964D-E2C1BF445894}.Release|iPhoneSimulator.Deploy.0 = Release|iPhoneSimulator
		{3386A577-31CA-47D8-964D-E2C1BF445894}.Release|x64.ActiveCfg = Release|iPhoneSimulator
		{3386A577-31CA-47D8-964D-E2C1BF445894}.Release|x64.Build.0 = Release|iPhoneSimulator
		{3386A577-31CA-47D8-964D-E2C1BF445894}.Release|x64.Deploy.0 = Release|iPhoneSimulator
		{3386A577-31CA-47D8-964D-E2C1BF445894}.Release|x86.ActiveCfg = Release|iPhoneSimulator
		{3386A577-31CA-47D8-964D-E2C1BF445894}.Release|x86.Build.0 = Release|iPhoneSimulator
		{3386A577-31CA-47D8-964D-E2C1BF445894}.Release|x86.Deploy.0 = Release|iPhoneSimulator
		{138523C0-14EC-4EF4-BD6C-EA8D79E6B65A}.Debug|Any CPU.ActiveCfg = Debug|Any CPU
		{138523C0-14EC-4EF4-BD6C-EA8D79E6B65A}.Debug|Any CPU.Build.0 = Debug|Any CPU
		{138523C0-14EC-4EF4-BD6C-EA8D79E6B65A}.Debug|Any CPU.Deploy.0 = Debug|Any CPU
		{138523C0-14EC-4EF4-BD6C-EA8D79E6B65A}.Debug|ARM.ActiveCfg = Debug|Any CPU
		{138523C0-14EC-4EF4-BD6C-EA8D79E6B65A}.Debug|ARM.Build.0 = Debug|Any CPU
		{138523C0-14EC-4EF4-BD6C-EA8D79E6B65A}.Debug|ARM.Deploy.0 = Debug|Any CPU
		{138523C0-14EC-4EF4-BD6C-EA8D79E6B65A}.Debug|iPhone.ActiveCfg = Debug|Any CPU
		{138523C0-14EC-4EF4-BD6C-EA8D79E6B65A}.Debug|iPhone.Build.0 = Debug|Any CPU
		{138523C0-14EC-4EF4-BD6C-EA8D79E6B65A}.Debug|iPhone.Deploy.0 = Debug|Any CPU
		{138523C0-14EC-4EF4-BD6C-EA8D79E6B65A}.Debug|iPhoneSimulator.ActiveCfg = Debug|Any CPU
		{138523C0-14EC-4EF4-BD6C-EA8D79E6B65A}.Debug|iPhoneSimulator.Build.0 = Debug|Any CPU
		{138523C0-14EC-4EF4-BD6C-EA8D79E6B65A}.Debug|iPhoneSimulator.Deploy.0 = Debug|Any CPU
		{138523C0-14EC-4EF4-BD6C-EA8D79E6B65A}.Debug|x64.ActiveCfg = Debug|Any CPU
		{138523C0-14EC-4EF4-BD6C-EA8D79E6B65A}.Debug|x64.Build.0 = Debug|Any CPU
		{138523C0-14EC-4EF4-BD6C-EA8D79E6B65A}.Debug|x64.Deploy.0 = Debug|Any CPU
		{138523C0-14EC-4EF4-BD6C-EA8D79E6B65A}.Debug|x86.ActiveCfg = Debug|Any CPU
		{138523C0-14EC-4EF4-BD6C-EA8D79E6B65A}.Debug|x86.Build.0 = Debug|Any CPU
		{138523C0-14EC-4EF4-BD6C-EA8D79E6B65A}.Debug|x86.Deploy.0 = Debug|Any CPU
		{138523C0-14EC-4EF4-BD6C-EA8D79E6B65A}.Release|Any CPU.ActiveCfg = Release|Any CPU
		{138523C0-14EC-4EF4-BD6C-EA8D79E6B65A}.Release|Any CPU.Build.0 = Release|Any CPU
		{138523C0-14EC-4EF4-BD6C-EA8D79E6B65A}.Release|Any CPU.Deploy.0 = Release|Any CPU
		{138523C0-14EC-4EF4-BD6C-EA8D79E6B65A}.Release|ARM.ActiveCfg = Release|Any CPU
		{138523C0-14EC-4EF4-BD6C-EA8D79E6B65A}.Release|ARM.Build.0 = Release|Any CPU
		{138523C0-14EC-4EF4-BD6C-EA8D79E6B65A}.Release|ARM.Deploy.0 = Release|Any CPU
		{138523C0-14EC-4EF4-BD6C-EA8D79E6B65A}.Release|iPhone.ActiveCfg = Release|Any CPU
		{138523C0-14EC-4EF4-BD6C-EA8D79E6B65A}.Release|iPhone.Build.0 = Release|Any CPU
		{138523C0-14EC-4EF4-BD6C-EA8D79E6B65A}.Release|iPhone.Deploy.0 = Release|Any CPU
		{138523C0-14EC-4EF4-BD6C-EA8D79E6B65A}.Release|iPhoneSimulator.ActiveCfg = Release|Any CPU
		{138523C0-14EC-4EF4-BD6C-EA8D79E6B65A}.Release|iPhoneSimulator.Build.0 = Release|Any CPU
		{138523C0-14EC-4EF4-BD6C-EA8D79E6B65A}.Release|iPhoneSimulator.Deploy.0 = Release|Any CPU
		{138523C0-14EC-4EF4-BD6C-EA8D79E6B65A}.Release|x64.ActiveCfg = Release|Any CPU
		{138523C0-14EC-4EF4-BD6C-EA8D79E6B65A}.Release|x64.Build.0 = Release|Any CPU
		{138523C0-14EC-4EF4-BD6C-EA8D79E6B65A}.Release|x64.Deploy.0 = Release|Any CPU
		{138523C0-14EC-4EF4-BD6C-EA8D79E6B65A}.Release|x86.ActiveCfg = Release|Any CPU
		{138523C0-14EC-4EF4-BD6C-EA8D79E6B65A}.Release|x86.Build.0 = Release|Any CPU
		{138523C0-14EC-4EF4-BD6C-EA8D79E6B65A}.Release|x86.Deploy.0 = Release|Any CPU
		{2BA8FCC0-3F26-47D6-A266-24F217411CD8}.Debug|Any CPU.ActiveCfg = Debug|Any CPU
		{2BA8FCC0-3F26-47D6-A266-24F217411CD8}.Debug|Any CPU.Build.0 = Debug|Any CPU
		{2BA8FCC0-3F26-47D6-A266-24F217411CD8}.Debug|ARM.ActiveCfg = Debug|Any CPU
		{2BA8FCC0-3F26-47D6-A266-24F217411CD8}.Debug|ARM.Build.0 = Debug|Any CPU
		{2BA8FCC0-3F26-47D6-A266-24F217411CD8}.Debug|iPhone.ActiveCfg = Debug|Any CPU
		{2BA8FCC0-3F26-47D6-A266-24F217411CD8}.Debug|iPhone.Build.0 = Debug|Any CPU
		{2BA8FCC0-3F26-47D6-A266-24F217411CD8}.Debug|iPhoneSimulator.ActiveCfg = Debug|Any CPU
		{2BA8FCC0-3F26-47D6-A266-24F217411CD8}.Debug|iPhoneSimulator.Build.0 = Debug|Any CPU
		{2BA8FCC0-3F26-47D6-A266-24F217411CD8}.Debug|x64.ActiveCfg = Debug|Any CPU
		{2BA8FCC0-3F26-47D6-A266-24F217411CD8}.Debug|x64.Build.0 = Debug|Any CPU
		{2BA8FCC0-3F26-47D6-A266-24F217411CD8}.Debug|x86.ActiveCfg = Debug|Any CPU
		{2BA8FCC0-3F26-47D6-A266-24F217411CD8}.Debug|x86.Build.0 = Debug|Any CPU
		{2BA8FCC0-3F26-47D6-A266-24F217411CD8}.Release|Any CPU.ActiveCfg = Release|Any CPU
		{2BA8FCC0-3F26-47D6-A266-24F217411CD8}.Release|Any CPU.Build.0 = Release|Any CPU
		{2BA8FCC0-3F26-47D6-A266-24F217411CD8}.Release|ARM.ActiveCfg = Release|Any CPU
		{2BA8FCC0-3F26-47D6-A266-24F217411CD8}.Release|ARM.Build.0 = Release|Any CPU
		{2BA8FCC0-3F26-47D6-A266-24F217411CD8}.Release|iPhone.ActiveCfg = Release|Any CPU
		{2BA8FCC0-3F26-47D6-A266-24F217411CD8}.Release|iPhone.Build.0 = Release|Any CPU
		{2BA8FCC0-3F26-47D6-A266-24F217411CD8}.Release|iPhoneSimulator.ActiveCfg = Release|Any CPU
		{2BA8FCC0-3F26-47D6-A266-24F217411CD8}.Release|iPhoneSimulator.Build.0 = Release|Any CPU
		{2BA8FCC0-3F26-47D6-A266-24F217411CD8}.Release|x64.ActiveCfg = Release|Any CPU
		{2BA8FCC0-3F26-47D6-A266-24F217411CD8}.Release|x64.Build.0 = Release|Any CPU
		{2BA8FCC0-3F26-47D6-A266-24F217411CD8}.Release|x86.ActiveCfg = Release|Any CPU
		{2BA8FCC0-3F26-47D6-A266-24F217411CD8}.Release|x86.Build.0 = Release|Any CPU
		{23B3E37E-A262-4371-AC98-8AF6976BBC27}.Debug|Any CPU.ActiveCfg = Debug|Any CPU
		{23B3E37E-A262-4371-AC98-8AF6976BBC27}.Debug|Any CPU.Build.0 = Debug|Any CPU
		{23B3E37E-A262-4371-AC98-8AF6976BBC27}.Debug|ARM.ActiveCfg = Debug|Any CPU
		{23B3E37E-A262-4371-AC98-8AF6976BBC27}.Debug|ARM.Build.0 = Debug|Any CPU
		{23B3E37E-A262-4371-AC98-8AF6976BBC27}.Debug|iPhone.ActiveCfg = Debug|Any CPU
		{23B3E37E-A262-4371-AC98-8AF6976BBC27}.Debug|iPhone.Build.0 = Debug|Any CPU
		{23B3E37E-A262-4371-AC98-8AF6976BBC27}.Debug|iPhoneSimulator.ActiveCfg = Debug|Any CPU
		{23B3E37E-A262-4371-AC98-8AF6976BBC27}.Debug|iPhoneSimulator.Build.0 = Debug|Any CPU
		{23B3E37E-A262-4371-AC98-8AF6976BBC27}.Debug|x64.ActiveCfg = Debug|Any CPU
		{23B3E37E-A262-4371-AC98-8AF6976BBC27}.Debug|x64.Build.0 = Debug|Any CPU
		{23B3E37E-A262-4371-AC98-8AF6976BBC27}.Debug|x86.ActiveCfg = Debug|Any CPU
		{23B3E37E-A262-4371-AC98-8AF6976BBC27}.Debug|x86.Build.0 = Debug|Any CPU
		{23B3E37E-A262-4371-AC98-8AF6976BBC27}.Release|Any CPU.ActiveCfg = Release|Any CPU
		{23B3E37E-A262-4371-AC98-8AF6976BBC27}.Release|Any CPU.Build.0 = Release|Any CPU
		{23B3E37E-A262-4371-AC98-8AF6976BBC27}.Release|ARM.ActiveCfg = Release|Any CPU
		{23B3E37E-A262-4371-AC98-8AF6976BBC27}.Release|ARM.Build.0 = Release|Any CPU
		{23B3E37E-A262-4371-AC98-8AF6976BBC27}.Release|iPhone.ActiveCfg = Release|Any CPU
		{23B3E37E-A262-4371-AC98-8AF6976BBC27}.Release|iPhone.Build.0 = Release|Any CPU
		{23B3E37E-A262-4371-AC98-8AF6976BBC27}.Release|iPhoneSimulator.ActiveCfg = Release|Any CPU
		{23B3E37E-A262-4371-AC98-8AF6976BBC27}.Release|iPhoneSimulator.Build.0 = Release|Any CPU
		{23B3E37E-A262-4371-AC98-8AF6976BBC27}.Release|x64.ActiveCfg = Release|Any CPU
		{23B3E37E-A262-4371-AC98-8AF6976BBC27}.Release|x64.Build.0 = Release|Any CPU
		{23B3E37E-A262-4371-AC98-8AF6976BBC27}.Release|x86.ActiveCfg = Release|Any CPU
		{23B3E37E-A262-4371-AC98-8AF6976BBC27}.Release|x86.Build.0 = Release|Any CPU
		{3E52D2BD-C7AA-41C5-A3FB-88423BD599D8}.Debug|Any CPU.ActiveCfg = Debug|Any CPU
		{3E52D2BD-C7AA-41C5-A3FB-88423BD599D8}.Debug|Any CPU.Build.0 = Debug|Any CPU
		{3E52D2BD-C7AA-41C5-A3FB-88423BD599D8}.Debug|ARM.ActiveCfg = Debug|Any CPU
		{3E52D2BD-C7AA-41C5-A3FB-88423BD599D8}.Debug|ARM.Build.0 = Debug|Any CPU
		{3E52D2BD-C7AA-41C5-A3FB-88423BD599D8}.Debug|iPhone.ActiveCfg = Debug|Any CPU
		{3E52D2BD-C7AA-41C5-A3FB-88423BD599D8}.Debug|iPhone.Build.0 = Debug|Any CPU
		{3E52D2BD-C7AA-41C5-A3FB-88423BD599D8}.Debug|iPhoneSimulator.ActiveCfg = Debug|Any CPU
		{3E52D2BD-C7AA-41C5-A3FB-88423BD599D8}.Debug|iPhoneSimulator.Build.0 = Debug|Any CPU
		{3E52D2BD-C7AA-41C5-A3FB-88423BD599D8}.Debug|x64.ActiveCfg = Debug|Any CPU
		{3E52D2BD-C7AA-41C5-A3FB-88423BD599D8}.Debug|x64.Build.0 = Debug|Any CPU
		{3E52D2BD-C7AA-41C5-A3FB-88423BD599D8}.Debug|x86.ActiveCfg = Debug|Any CPU
		{3E52D2BD-C7AA-41C5-A3FB-88423BD599D8}.Debug|x86.Build.0 = Debug|Any CPU
		{3E52D2BD-C7AA-41C5-A3FB-88423BD599D8}.Release|Any CPU.ActiveCfg = Release|Any CPU
		{3E52D2BD-C7AA-41C5-A3FB-88423BD599D8}.Release|Any CPU.Build.0 = Release|Any CPU
		{3E52D2BD-C7AA-41C5-A3FB-88423BD599D8}.Release|ARM.ActiveCfg = Release|Any CPU
		{3E52D2BD-C7AA-41C5-A3FB-88423BD599D8}.Release|ARM.Build.0 = Release|Any CPU
		{3E52D2BD-C7AA-41C5-A3FB-88423BD599D8}.Release|iPhone.ActiveCfg = Release|Any CPU
		{3E52D2BD-C7AA-41C5-A3FB-88423BD599D8}.Release|iPhone.Build.0 = Release|Any CPU
		{3E52D2BD-C7AA-41C5-A3FB-88423BD599D8}.Release|iPhoneSimulator.ActiveCfg = Release|Any CPU
		{3E52D2BD-C7AA-41C5-A3FB-88423BD599D8}.Release|iPhoneSimulator.Build.0 = Release|Any CPU
		{3E52D2BD-C7AA-41C5-A3FB-88423BD599D8}.Release|x64.ActiveCfg = Release|Any CPU
		{3E52D2BD-C7AA-41C5-A3FB-88423BD599D8}.Release|x64.Build.0 = Release|Any CPU
		{3E52D2BD-C7AA-41C5-A3FB-88423BD599D8}.Release|x86.ActiveCfg = Release|Any CPU
		{3E52D2BD-C7AA-41C5-A3FB-88423BD599D8}.Release|x86.Build.0 = Release|Any CPU
		{407E306B-B906-46FB-9D9C-6E8BD16D0E0D}.Debug|Any CPU.ActiveCfg = Debug|Any CPU
		{407E306B-B906-46FB-9D9C-6E8BD16D0E0D}.Debug|Any CPU.Build.0 = Debug|Any CPU
		{407E306B-B906-46FB-9D9C-6E8BD16D0E0D}.Debug|ARM.ActiveCfg = Debug|Any CPU
		{407E306B-B906-46FB-9D9C-6E8BD16D0E0D}.Debug|ARM.Build.0 = Debug|Any CPU
		{407E306B-B906-46FB-9D9C-6E8BD16D0E0D}.Debug|iPhone.ActiveCfg = Debug|Any CPU
		{407E306B-B906-46FB-9D9C-6E8BD16D0E0D}.Debug|iPhone.Build.0 = Debug|Any CPU
		{407E306B-B906-46FB-9D9C-6E8BD16D0E0D}.Debug|iPhoneSimulator.ActiveCfg = Debug|Any CPU
		{407E306B-B906-46FB-9D9C-6E8BD16D0E0D}.Debug|iPhoneSimulator.Build.0 = Debug|Any CPU
		{407E306B-B906-46FB-9D9C-6E8BD16D0E0D}.Debug|x64.ActiveCfg = Debug|Any CPU
		{407E306B-B906-46FB-9D9C-6E8BD16D0E0D}.Debug|x64.Build.0 = Debug|Any CPU
		{407E306B-B906-46FB-9D9C-6E8BD16D0E0D}.Debug|x86.ActiveCfg = Debug|Any CPU
		{407E306B-B906-46FB-9D9C-6E8BD16D0E0D}.Debug|x86.Build.0 = Debug|Any CPU
		{407E306B-B906-46FB-9D9C-6E8BD16D0E0D}.Release|Any CPU.ActiveCfg = Release|Any CPU
		{407E306B-B906-46FB-9D9C-6E8BD16D0E0D}.Release|Any CPU.Build.0 = Release|Any CPU
		{407E306B-B906-46FB-9D9C-6E8BD16D0E0D}.Release|ARM.ActiveCfg = Release|Any CPU
		{407E306B-B906-46FB-9D9C-6E8BD16D0E0D}.Release|ARM.Build.0 = Release|Any CPU
		{407E306B-B906-46FB-9D9C-6E8BD16D0E0D}.Release|iPhone.ActiveCfg = Release|Any CPU
		{407E306B-B906-46FB-9D9C-6E8BD16D0E0D}.Release|iPhone.Build.0 = Release|Any CPU
		{407E306B-B906-46FB-9D9C-6E8BD16D0E0D}.Release|iPhoneSimulator.ActiveCfg = Release|Any CPU
		{407E306B-B906-46FB-9D9C-6E8BD16D0E0D}.Release|iPhoneSimulator.Build.0 = Release|Any CPU
		{407E306B-B906-46FB-9D9C-6E8BD16D0E0D}.Release|x64.ActiveCfg = Release|Any CPU
		{407E306B-B906-46FB-9D9C-6E8BD16D0E0D}.Release|x64.Build.0 = Release|Any CPU
		{407E306B-B906-46FB-9D9C-6E8BD16D0E0D}.Release|x86.ActiveCfg = Release|Any CPU
		{407E306B-B906-46FB-9D9C-6E8BD16D0E0D}.Release|x86.Build.0 = Release|Any CPU
		{A8082BD9-CCC9-4C31-913D-A47E33B92EE6}.Debug|Any CPU.ActiveCfg = Debug|Any CPU
		{A8082BD9-CCC9-4C31-913D-A47E33B92EE6}.Debug|Any CPU.Build.0 = Debug|Any CPU
		{A8082BD9-CCC9-4C31-913D-A47E33B92EE6}.Debug|ARM.ActiveCfg = Debug|Any CPU
		{A8082BD9-CCC9-4C31-913D-A47E33B92EE6}.Debug|ARM.Build.0 = Debug|Any CPU
		{A8082BD9-CCC9-4C31-913D-A47E33B92EE6}.Debug|iPhone.ActiveCfg = Debug|Any CPU
		{A8082BD9-CCC9-4C31-913D-A47E33B92EE6}.Debug|iPhone.Build.0 = Debug|Any CPU
		{A8082BD9-CCC9-4C31-913D-A47E33B92EE6}.Debug|iPhoneSimulator.ActiveCfg = Debug|Any CPU
		{A8082BD9-CCC9-4C31-913D-A47E33B92EE6}.Debug|iPhoneSimulator.Build.0 = Debug|Any CPU
		{A8082BD9-CCC9-4C31-913D-A47E33B92EE6}.Debug|x64.ActiveCfg = Debug|Any CPU
		{A8082BD9-CCC9-4C31-913D-A47E33B92EE6}.Debug|x64.Build.0 = Debug|Any CPU
		{A8082BD9-CCC9-4C31-913D-A47E33B92EE6}.Debug|x86.ActiveCfg = Debug|Any CPU
		{A8082BD9-CCC9-4C31-913D-A47E33B92EE6}.Debug|x86.Build.0 = Debug|Any CPU
		{A8082BD9-CCC9-4C31-913D-A47E33B92EE6}.Release|Any CPU.ActiveCfg = Release|Any CPU
		{A8082BD9-CCC9-4C31-913D-A47E33B92EE6}.Release|Any CPU.Build.0 = Release|Any CPU
		{A8082BD9-CCC9-4C31-913D-A47E33B92EE6}.Release|ARM.ActiveCfg = Release|Any CPU
		{A8082BD9-CCC9-4C31-913D-A47E33B92EE6}.Release|ARM.Build.0 = Release|Any CPU
		{A8082BD9-CCC9-4C31-913D-A47E33B92EE6}.Release|iPhone.ActiveCfg = Release|Any CPU
		{A8082BD9-CCC9-4C31-913D-A47E33B92EE6}.Release|iPhone.Build.0 = Release|Any CPU
		{A8082BD9-CCC9-4C31-913D-A47E33B92EE6}.Release|iPhoneSimulator.ActiveCfg = Release|Any CPU
		{A8082BD9-CCC9-4C31-913D-A47E33B92EE6}.Release|iPhoneSimulator.Build.0 = Release|Any CPU
		{A8082BD9-CCC9-4C31-913D-A47E33B92EE6}.Release|x64.ActiveCfg = Release|Any CPU
		{A8082BD9-CCC9-4C31-913D-A47E33B92EE6}.Release|x64.Build.0 = Release|Any CPU
		{A8082BD9-CCC9-4C31-913D-A47E33B92EE6}.Release|x86.ActiveCfg = Release|Any CPU
		{A8082BD9-CCC9-4C31-913D-A47E33B92EE6}.Release|x86.Build.0 = Release|Any CPU
		{D482B377-E426-4B69-AB41-8AFD04A5CF5F}.Debug|Any CPU.ActiveCfg = Debug|Any CPU
		{D482B377-E426-4B69-AB41-8AFD04A5CF5F}.Debug|Any CPU.Build.0 = Debug|Any CPU
		{D482B377-E426-4B69-AB41-8AFD04A5CF5F}.Debug|ARM.ActiveCfg = Debug|Any CPU
		{D482B377-E426-4B69-AB41-8AFD04A5CF5F}.Debug|ARM.Build.0 = Debug|Any CPU
		{D482B377-E426-4B69-AB41-8AFD04A5CF5F}.Debug|iPhone.ActiveCfg = Debug|Any CPU
		{D482B377-E426-4B69-AB41-8AFD04A5CF5F}.Debug|iPhone.Build.0 = Debug|Any CPU
		{D482B377-E426-4B69-AB41-8AFD04A5CF5F}.Debug|iPhoneSimulator.ActiveCfg = Debug|Any CPU
		{D482B377-E426-4B69-AB41-8AFD04A5CF5F}.Debug|iPhoneSimulator.Build.0 = Debug|Any CPU
		{D482B377-E426-4B69-AB41-8AFD04A5CF5F}.Debug|x64.ActiveCfg = Debug|Any CPU
		{D482B377-E426-4B69-AB41-8AFD04A5CF5F}.Debug|x64.Build.0 = Debug|Any CPU
		{D482B377-E426-4B69-AB41-8AFD04A5CF5F}.Debug|x86.ActiveCfg = Debug|Any CPU
		{D482B377-E426-4B69-AB41-8AFD04A5CF5F}.Debug|x86.Build.0 = Debug|Any CPU
		{D482B377-E426-4B69-AB41-8AFD04A5CF5F}.Release|Any CPU.ActiveCfg = Release|Any CPU
		{D482B377-E426-4B69-AB41-8AFD04A5CF5F}.Release|Any CPU.Build.0 = Release|Any CPU
		{D482B377-E426-4B69-AB41-8AFD04A5CF5F}.Release|ARM.ActiveCfg = Release|Any CPU
		{D482B377-E426-4B69-AB41-8AFD04A5CF5F}.Release|ARM.Build.0 = Release|Any CPU
		{D482B377-E426-4B69-AB41-8AFD04A5CF5F}.Release|iPhone.ActiveCfg = Release|Any CPU
		{D482B377-E426-4B69-AB41-8AFD04A5CF5F}.Release|iPhone.Build.0 = Release|Any CPU
		{D482B377-E426-4B69-AB41-8AFD04A5CF5F}.Release|iPhoneSimulator.ActiveCfg = Release|Any CPU
		{D482B377-E426-4B69-AB41-8AFD04A5CF5F}.Release|iPhoneSimulator.Build.0 = Release|Any CPU
		{D482B377-E426-4B69-AB41-8AFD04A5CF5F}.Release|x64.ActiveCfg = Release|Any CPU
		{D482B377-E426-4B69-AB41-8AFD04A5CF5F}.Release|x64.Build.0 = Release|Any CPU
		{D482B377-E426-4B69-AB41-8AFD04A5CF5F}.Release|x86.ActiveCfg = Release|Any CPU
		{D482B377-E426-4B69-AB41-8AFD04A5CF5F}.Release|x86.Build.0 = Release|Any CPU
		{53D8FAB1-F1D1-4CE6-A5B2-97E797173854}.Debug|Any CPU.ActiveCfg = Debug|Any CPU
		{53D8FAB1-F1D1-4CE6-A5B2-97E797173854}.Debug|Any CPU.Build.0 = Debug|Any CPU
		{53D8FAB1-F1D1-4CE6-A5B2-97E797173854}.Debug|ARM.ActiveCfg = Debug|Any CPU
		{53D8FAB1-F1D1-4CE6-A5B2-97E797173854}.Debug|ARM.Build.0 = Debug|Any CPU
		{53D8FAB1-F1D1-4CE6-A5B2-97E797173854}.Debug|iPhone.ActiveCfg = Debug|Any CPU
		{53D8FAB1-F1D1-4CE6-A5B2-97E797173854}.Debug|iPhone.Build.0 = Debug|Any CPU
		{53D8FAB1-F1D1-4CE6-A5B2-97E797173854}.Debug|iPhoneSimulator.ActiveCfg = Debug|Any CPU
		{53D8FAB1-F1D1-4CE6-A5B2-97E797173854}.Debug|iPhoneSimulator.Build.0 = Debug|Any CPU
		{53D8FAB1-F1D1-4CE6-A5B2-97E797173854}.Debug|x64.ActiveCfg = Debug|Any CPU
		{53D8FAB1-F1D1-4CE6-A5B2-97E797173854}.Debug|x64.Build.0 = Debug|Any CPU
		{53D8FAB1-F1D1-4CE6-A5B2-97E797173854}.Debug|x86.ActiveCfg = Debug|Any CPU
		{53D8FAB1-F1D1-4CE6-A5B2-97E797173854}.Debug|x86.Build.0 = Debug|Any CPU
		{53D8FAB1-F1D1-4CE6-A5B2-97E797173854}.Release|Any CPU.ActiveCfg = Release|Any CPU
		{53D8FAB1-F1D1-4CE6-A5B2-97E797173854}.Release|Any CPU.Build.0 = Release|Any CPU
		{53D8FAB1-F1D1-4CE6-A5B2-97E797173854}.Release|ARM.ActiveCfg = Release|Any CPU
		{53D8FAB1-F1D1-4CE6-A5B2-97E797173854}.Release|ARM.Build.0 = Release|Any CPU
		{53D8FAB1-F1D1-4CE6-A5B2-97E797173854}.Release|iPhone.ActiveCfg = Release|Any CPU
		{53D8FAB1-F1D1-4CE6-A5B2-97E797173854}.Release|iPhone.Build.0 = Release|Any CPU
		{53D8FAB1-F1D1-4CE6-A5B2-97E797173854}.Release|iPhoneSimulator.ActiveCfg = Release|Any CPU
		{53D8FAB1-F1D1-4CE6-A5B2-97E797173854}.Release|iPhoneSimulator.Build.0 = Release|Any CPU
		{53D8FAB1-F1D1-4CE6-A5B2-97E797173854}.Release|x64.ActiveCfg = Release|Any CPU
		{53D8FAB1-F1D1-4CE6-A5B2-97E797173854}.Release|x64.Build.0 = Release|Any CPU
		{53D8FAB1-F1D1-4CE6-A5B2-97E797173854}.Release|x86.ActiveCfg = Release|Any CPU
		{53D8FAB1-F1D1-4CE6-A5B2-97E797173854}.Release|x86.Build.0 = Release|Any CPU
		{20CEE1E5-3C67-445E-93FB-23895E0C481A}.Debug|Any CPU.ActiveCfg = Debug|Any CPU
		{20CEE1E5-3C67-445E-93FB-23895E0C481A}.Debug|Any CPU.Build.0 = Debug|Any CPU
		{20CEE1E5-3C67-445E-93FB-23895E0C481A}.Debug|ARM.ActiveCfg = Debug|Any CPU
		{20CEE1E5-3C67-445E-93FB-23895E0C481A}.Debug|ARM.Build.0 = Debug|Any CPU
		{20CEE1E5-3C67-445E-93FB-23895E0C481A}.Debug|iPhone.ActiveCfg = Debug|Any CPU
		{20CEE1E5-3C67-445E-93FB-23895E0C481A}.Debug|iPhone.Build.0 = Debug|Any CPU
		{20CEE1E5-3C67-445E-93FB-23895E0C481A}.Debug|iPhoneSimulator.ActiveCfg = Debug|Any CPU
		{20CEE1E5-3C67-445E-93FB-23895E0C481A}.Debug|iPhoneSimulator.Build.0 = Debug|Any CPU
		{20CEE1E5-3C67-445E-93FB-23895E0C481A}.Debug|x64.ActiveCfg = Debug|Any CPU
		{20CEE1E5-3C67-445E-93FB-23895E0C481A}.Debug|x64.Build.0 = Debug|Any CPU
		{20CEE1E5-3C67-445E-93FB-23895E0C481A}.Debug|x86.ActiveCfg = Debug|Any CPU
		{20CEE1E5-3C67-445E-93FB-23895E0C481A}.Debug|x86.Build.0 = Debug|Any CPU
		{20CEE1E5-3C67-445E-93FB-23895E0C481A}.Release|Any CPU.ActiveCfg = Release|Any CPU
		{20CEE1E5-3C67-445E-93FB-23895E0C481A}.Release|Any CPU.Build.0 = Release|Any CPU
		{20CEE1E5-3C67-445E-93FB-23895E0C481A}.Release|ARM.ActiveCfg = Release|Any CPU
		{20CEE1E5-3C67-445E-93FB-23895E0C481A}.Release|ARM.Build.0 = Release|Any CPU
		{20CEE1E5-3C67-445E-93FB-23895E0C481A}.Release|iPhone.ActiveCfg = Release|Any CPU
		{20CEE1E5-3C67-445E-93FB-23895E0C481A}.Release|iPhone.Build.0 = Release|Any CPU
		{20CEE1E5-3C67-445E-93FB-23895E0C481A}.Release|iPhoneSimulator.ActiveCfg = Release|Any CPU
		{20CEE1E5-3C67-445E-93FB-23895E0C481A}.Release|iPhoneSimulator.Build.0 = Release|Any CPU
		{20CEE1E5-3C67-445E-93FB-23895E0C481A}.Release|x64.ActiveCfg = Release|Any CPU
		{20CEE1E5-3C67-445E-93FB-23895E0C481A}.Release|x64.Build.0 = Release|Any CPU
		{20CEE1E5-3C67-445E-93FB-23895E0C481A}.Release|x86.ActiveCfg = Release|Any CPU
		{20CEE1E5-3C67-445E-93FB-23895E0C481A}.Release|x86.Build.0 = Release|Any CPU
	EndGlobalSection
	GlobalSection(SolutionProperties) = preSolution
		HideSolutionNode = FALSE
	EndGlobalSection
	GlobalSection(NestedProjects) = preSolution
		{2BA8FCC0-3F26-47D6-A266-24F217411CD8} = {2DAAFDE4-F2C0-49E9-9E68-77F040A6AD37}
		{23B3E37E-A262-4371-AC98-8AF6976BBC27} = {2DAAFDE4-F2C0-49E9-9E68-77F040A6AD37}
		{407E306B-B906-46FB-9D9C-6E8BD16D0E0D} = {2DAAFDE4-F2C0-49E9-9E68-77F040A6AD37}
		{A8082BD9-CCC9-4C31-913D-A47E33B92EE6} = {2DAAFDE4-F2C0-49E9-9E68-77F040A6AD37}
		{D482B377-E426-4B69-AB41-8AFD04A5CF5F} = {2DAAFDE4-F2C0-49E9-9E68-77F040A6AD37}
		{53D8FAB1-F1D1-4CE6-A5B2-97E797173854} = {2DAAFDE4-F2C0-49E9-9E68-77F040A6AD37}
		{20CEE1E5-3C67-445E-93FB-23895E0C481A} = {2DAAFDE4-F2C0-49E9-9E68-77F040A6AD37}
	EndGlobalSection
	GlobalSection(ExtensibilityGlobals) = postSolution
		SolutionGuid = {96BCD65E-F406-47B8-AB87-0D40291976F2}
	EndGlobalSection
EndGlobal
